
Microsoft Visual Studio Solution File, Format Version 12.00
# Visual Studio 15
VisualStudioVersion = 15.0.28307.1758
MinimumVisualStudioVersion = 10.0.40219.1
Project("{F184B08F-C81C-45F6-A57F-5ABD9991F28F}") = "AppProjectKP_SaskiaBintangMaharani_2019230047", "AppProjectKP_SaskiaBintangMaharani_2019230047\AppProjectKP_SaskiaBintangMaharani_2019230047.vbproj", "{B8EF2361-2412-4679-B35E-56E962DDF73E}"
EndProject
Global
	GlobalSection(SolutionConfigurationPlatforms) = preSolution
		Debug|Any CPU = Debug|Any CPU
		Release|Any CPU = Release|Any CPU
	EndGlobalSection
	GlobalSection(ProjectConfigurationPlatforms) = postSolution
		{B8EF2361-2412-4679-B35E-56E962DDF73E}.Debug|Any CPU.ActiveCfg = Debug|Any CPU
		{B8EF2361-2412-4679-B35E-56E962DDF73E}.Debug|Any CPU.Build.0 = Debug|Any CPU
		{B8EF2361-2412-4679-B35E-56E962DDF73E}.Release|Any CPU.ActiveCfg = Release|Any CPU
		{B8EF2361-2412-4679-B35E-56E962DDF73E}.Release|Any CPU.Build.0 = Release|Any CPU
	EndGlobalSection
	GlobalSection(SolutionProperties) = preSolution
		HideSolutionNode = FALSE
	EndGlobalSection
	GlobalSection(ExtensibilityGlobals) = postSolution
		SolutionGuid = {8BBED9E7-1F75-4D46-924D-E7115741A7A1}
	EndGlobalSection
EndGlobal
